// !$*UTF8*$!
{
	archiveVersion = 1;
	classes = {
	};
	objectVersion = 50;
	objects = {

/* Begin PBXBuildFile section */
		142B56932968B404003FAAA8 /* MovieDetailViewController.swift in Sources */ = {isa = PBXBuildFile; fileRef = 142B56922968B404003FAAA8 /* MovieDetailViewController.swift */; };
		142B56972968BF97003FAAA8 /* MovieDetailView.swift in Sources */ = {isa = PBXBuildFile; fileRef = 142B56962968BF97003FAAA8 /* MovieDetailView.swift */; };
		143121C72641F62C00F86A9C /* AppDelegate.swift in Sources */ = {isa = PBXBuildFile; fileRef = 143121C62641F62C00F86A9C /* AppDelegate.swift */; };
		143121C92641F62C00F86A9C /* SceneDelegate.swift in Sources */ = {isa = PBXBuildFile; fileRef = 143121C82641F62C00F86A9C /* SceneDelegate.swift */; };
		143121CE2641F62C00F86A9C /* Main.storyboard in Resources */ = {isa = PBXBuildFile; fileRef = 143121CC2641F62C00F86A9C /* Main.storyboard */; };
		143121D02641F62F00F86A9C /* Assets.xcassets in Resources */ = {isa = PBXBuildFile; fileRef = 143121CF2641F62F00F86A9C /* Assets.xcassets */; };
		143121D32641F62F00F86A9C /* LaunchScreen.storyboard in Resources */ = {isa = PBXBuildFile; fileRef = 143121D12641F62F00F86A9C /* LaunchScreen.storyboard */; };
		143121F92641F9F300F86A9C /* tmdbAPI.swift in Sources */ = {isa = PBXBuildFile; fileRef = 143121F82641F9F300F86A9C /* tmdbAPI.swift */; };
		143121FC2641FF8D00F86A9C /* Movie.swift in Sources */ = {isa = PBXBuildFile; fileRef = 143121FB2641FF8D00F86A9C /* Movie.swift */; };
		143121FF264204D900F86A9C /* MovieViewController.swift in Sources */ = {isa = PBXBuildFile; fileRef = 143121FE264204D900F86A9C /* MovieViewController.swift */; };
		1431220126420CDA00F86A9C /* APICallResult.swift in Sources */ = {isa = PBXBuildFile; fileRef = 1431220026420CD900F86A9C /* APICallResult.swift */; };
		1445F6772965BF89001B136B /* NoConnectionMessageViewController.swift in Sources */ = {isa = PBXBuildFile; fileRef = 1445F6762965BF89001B136B /* NoConnectionMessageViewController.swift */; };
		1445F6792965C04C001B136B /* NoInternetConnectionMessageView.swift in Sources */ = {isa = PBXBuildFile; fileRef = 1445F6782965C04C001B136B /* NoInternetConnectionMessageView.swift */; };
		14908810264226DA00D34C28 /* MovieListTableViewController.swift in Sources */ = {isa = PBXBuildFile; fileRef = 1490880F264226DA00D34C28 /* MovieListTableViewController.swift */; };
		14AE62032947CC7F00C52902 /* MovieListTableViewCell.swift in Sources */ = {isa = PBXBuildFile; fileRef = 14AE62012947CC7E00C52902 /* MovieListTableViewCell.swift */; };
		14AE62092947FFB000C52902 /* DefaultTableViewController.swift in Sources */ = {isa = PBXBuildFile; fileRef = 14AE62082947FFB000C52902 /* DefaultTableViewController.swift */; };
		14AE6DE3297058BB004187EC /* CheckInternetConnectionTests.swift in Sources */ = {isa = PBXBuildFile; fileRef = 1445F6742965BA47001B136B /* CheckInternetConnectionTests.swift */; };
		14AE6DE5297089F8004187EC /* TmdbEndpoints.swift in Sources */ = {isa = PBXBuildFile; fileRef = 14AE6DE4297089F8004187EC /* TmdbEndpoints.swift */; };
		14BA8A4126445C07007BD163 /* Genre.swift in Sources */ = {isa = PBXBuildFile; fileRef = 14BA8A4026445C07007BD163 /* Genre.swift */; };
		14DAB393264435E9001AE691 /* MovieTableViewCell.swift in Sources */ = {isa = PBXBuildFile; fileRef = 14DAB392264435E9001AE691 /* MovieTableViewCell.swift */; };
		14E642B0264567E100FF37C3 /* DateConfig.swift in Sources */ = {isa = PBXBuildFile; fileRef = 14E642AF264567E100FF37C3 /* DateConfig.swift */; };
		14FDCE3C29632E220008336E /* CheckInternetConnection.swift in Sources */ = {isa = PBXBuildFile; fileRef = 14FDCE3B29632E220008336E /* CheckInternetConnection.swift */; };
		2547A1D8CED89C92A1FF0242 /* libPods-movielist.a in Frameworks */ = {isa = PBXBuildFile; fileRef = F39B34C3DC82D320F04614FF /* libPods-movielist.a */; };
		FE25D1C1EE2E66FE5CF4768F /* libPods-movielistTests.a in Frameworks */ = {isa = PBXBuildFile; fileRef = 2D23946D5A23E5DA05F06BF9 /* libPods-movielistTests.a */; };
/* End PBXBuildFile section */

/* Begin PBXContainerItemProxy section */
		14AE6DDC297056BF004187EC /* PBXContainerItemProxy */ = {
			isa = PBXContainerItemProxy;
			containerPortal = 143121BB2641F62B00F86A9C /* Project object */;
			proxyType = 1;
			remoteGlobalIDString = 143121C22641F62B00F86A9C;
			remoteInfo = movielist;
		};
/* End PBXContainerItemProxy section */

/* Begin PBXFileReference section */
		142B56922968B404003FAAA8 /* MovieDetailViewController.swift */ = {isa = PBXFileReference; lastKnownFileType = sourcecode.swift; path = MovieDetailViewController.swift; sourceTree = "<group>"; };
		142B56962968BF97003FAAA8 /* MovieDetailView.swift */ = {isa = PBXFileReference; lastKnownFileType = sourcecode.swift; path = MovieDetailView.swift; sourceTree = "<group>"; };
		143121C32641F62C00F86A9C /* movielist.app */ = {isa = PBXFileReference; explicitFileType = wrapper.application; includeInIndex = 0; path = movielist.app; sourceTree = BUILT_PRODUCTS_DIR; };
		143121C62641F62C00F86A9C /* AppDelegate.swift */ = {isa = PBXFileReference; lastKnownFileType = sourcecode.swift; path = AppDelegate.swift; sourceTree = "<group>"; };
		143121C82641F62C00F86A9C /* SceneDelegate.swift */ = {isa = PBXFileReference; lastKnownFileType = sourcecode.swift; path = SceneDelegate.swift; sourceTree = "<group>"; };
		143121CD2641F62C00F86A9C /* Base */ = {isa = PBXFileReference; lastKnownFileType = file.storyboard; name = Base; path = Base.lproj/Main.storyboard; sourceTree = "<group>"; };
		143121CF2641F62F00F86A9C /* Assets.xcassets */ = {isa = PBXFileReference; lastKnownFileType = folder.assetcatalog; path = Assets.xcassets; sourceTree = "<group>"; };
		143121D22641F62F00F86A9C /* Base */ = {isa = PBXFileReference; lastKnownFileType = file.storyboard; name = Base; path = Base.lproj/LaunchScreen.storyboard; sourceTree = "<group>"; };
		143121D42641F62F00F86A9C /* Info.plist */ = {isa = PBXFileReference; lastKnownFileType = text.plist.xml; path = Info.plist; sourceTree = "<group>"; };
		143121DF2641F63000F86A9C /* Info.plist */ = {isa = PBXFileReference; lastKnownFileType = text.plist.xml; path = Info.plist; sourceTree = "<group>"; };
		143121F82641F9F300F86A9C /* tmdbAPI.swift */ = {isa = PBXFileReference; lastKnownFileType = sourcecode.swift; path = tmdbAPI.swift; sourceTree = "<group>"; };
		143121FB2641FF8D00F86A9C /* Movie.swift */ = {isa = PBXFileReference; lastKnownFileType = sourcecode.swift; path = Movie.swift; sourceTree = "<group>"; };
		143121FE264204D900F86A9C /* MovieViewController.swift */ = {isa = PBXFileReference; lastKnownFileType = sourcecode.swift; path = MovieViewController.swift; sourceTree = "<group>"; };
		1431220026420CD900F86A9C /* APICallResult.swift */ = {isa = PBXFileReference; lastKnownFileType = sourcecode.swift; path = APICallResult.swift; sourceTree = "<group>"; };
		1445F6742965BA47001B136B /* CheckInternetConnectionTests.swift */ = {isa = PBXFileReference; lastKnownFileType = sourcecode.swift; path = CheckInternetConnectionTests.swift; sourceTree = "<group>"; };
		1445F6762965BF89001B136B /* NoConnectionMessageViewController.swift */ = {isa = PBXFileReference; lastKnownFileType = sourcecode.swift; path = NoConnectionMessageViewController.swift; sourceTree = "<group>"; };
		1445F6782965C04C001B136B /* NoInternetConnectionMessageView.swift */ = {isa = PBXFileReference; lastKnownFileType = sourcecode.swift; path = NoInternetConnectionMessageView.swift; sourceTree = "<group>"; };
		146963482964C51700147A24 /* libKingfisher.a */ = {isa = PBXFileReference; explicitFileType = archive.ar; path = libKingfisher.a; sourceTree = BUILT_PRODUCTS_DIR; };
		1490880F264226DA00D34C28 /* MovieListTableViewController.swift */ = {isa = PBXFileReference; lastKnownFileType = sourcecode.swift; path = MovieListTableViewController.swift; sourceTree = "<group>"; };
		14AE62012947CC7E00C52902 /* MovieListTableViewCell.swift */ = {isa = PBXFileReference; lastKnownFileType = sourcecode.swift; path = MovieListTableViewCell.swift; sourceTree = "<group>"; };
		14AE62082947FFB000C52902 /* DefaultTableViewController.swift */ = {isa = PBXFileReference; lastKnownFileType = sourcecode.swift; path = DefaultTableViewController.swift; sourceTree = "<group>"; };
		14AE6DD8297056BF004187EC /* movielistTests.xctest */ = {isa = PBXFileReference; explicitFileType = wrapper.cfbundle; includeInIndex = 0; path = movielistTests.xctest; sourceTree = BUILT_PRODUCTS_DIR; };
		14AE6DE4297089F8004187EC /* TmdbEndpoints.swift */ = {isa = PBXFileReference; lastKnownFileType = sourcecode.swift; path = TmdbEndpoints.swift; sourceTree = "<group>"; };
		14BA8A4026445C07007BD163 /* Genre.swift */ = {isa = PBXFileReference; lastKnownFileType = sourcecode.swift; path = Genre.swift; sourceTree = "<group>"; };
		14DAB392264435E9001AE691 /* MovieTableViewCell.swift */ = {isa = PBXFileReference; lastKnownFileType = sourcecode.swift; path = MovieTableViewCell.swift; sourceTree = "<group>"; };
		14E642AF264567E100FF37C3 /* DateConfig.swift */ = {isa = PBXFileReference; lastKnownFileType = sourcecode.swift; path = DateConfig.swift; sourceTree = "<group>"; };
		14FDCE3B29632E220008336E /* CheckInternetConnection.swift */ = {isa = PBXFileReference; lastKnownFileType = sourcecode.swift; path = CheckInternetConnection.swift; sourceTree = "<group>"; };
		17F94F5FE6FB9EF46A019895 /* Pods-movielist.release.xcconfig */ = {isa = PBXFileReference; includeInIndex = 1; lastKnownFileType = text.xcconfig; name = "Pods-movielist.release.xcconfig"; path = "Target Support Files/Pods-movielist/Pods-movielist.release.xcconfig"; sourceTree = "<group>"; };
		22FD5354561A627A968A20B6 /* Pods-movielist.debug.xcconfig */ = {isa = PBXFileReference; includeInIndex = 1; lastKnownFileType = text.xcconfig; name = "Pods-movielist.debug.xcconfig"; path = "Target Support Files/Pods-movielist/Pods-movielist.debug.xcconfig"; sourceTree = "<group>"; };
		2D23946D5A23E5DA05F06BF9 /* libPods-movielistTests.a */ = {isa = PBXFileReference; explicitFileType = archive.ar; includeInIndex = 0; path = "libPods-movielistTests.a"; sourceTree = BUILT_PRODUCTS_DIR; };
		B121E25EEDB00C5A03D5217E /* Pods-movielistTests.debug.xcconfig */ = {isa = PBXFileReference; includeInIndex = 1; lastKnownFileType = text.xcconfig; name = "Pods-movielistTests.debug.xcconfig"; path = "Target Support Files/Pods-movielistTests/Pods-movielistTests.debug.xcconfig"; sourceTree = "<group>"; };
		C8D86B66272DF491C950FB5A /* Pods-movielistTests.release.xcconfig */ = {isa = PBXFileReference; includeInIndex = 1; lastKnownFileType = text.xcconfig; name = "Pods-movielistTests.release.xcconfig"; path = "Target Support Files/Pods-movielistTests/Pods-movielistTests.release.xcconfig"; sourceTree = "<group>"; };
		F39B34C3DC82D320F04614FF /* libPods-movielist.a */ = {isa = PBXFileReference; explicitFileType = archive.ar; includeInIndex = 0; path = "libPods-movielist.a"; sourceTree = BUILT_PRODUCTS_DIR; };
/* End PBXFileReference section */

/* Begin PBXFrameworksBuildPhase section */
		143121C02641F62B00F86A9C /* Frameworks */ = {
			isa = PBXFrameworksBuildPhase;
			buildActionMask = 2147483647;
			files = (
				2547A1D8CED89C92A1FF0242 /* libPods-movielist.a in Frameworks */,
			);
			runOnlyForDeploymentPostprocessing = 0;
		};
		14AE6DD5297056BF004187EC /* Frameworks */ = {
			isa = PBXFrameworksBuildPhase;
			buildActionMask = 2147483647;
			files = (
				FE25D1C1EE2E66FE5CF4768F /* libPods-movielistTests.a in Frameworks */,
			);
			runOnlyForDeploymentPostprocessing = 0;
		};
/* End PBXFrameworksBuildPhase section */

/* Begin PBXGroup section */
		03166DCC8133C3B6286589A8 /* Frameworks */ = {
			isa = PBXGroup;
			children = (
				146963482964C51700147A24 /* libKingfisher.a */,
				F39B34C3DC82D320F04614FF /* libPods-movielist.a */,
				2D23946D5A23E5DA05F06BF9 /* libPods-movielistTests.a */,
			);
			name = Frameworks;
			sourceTree = "<group>";
		};
		142B56912968B3D8003FAAA8 /* CellDetail */ = {
			isa = PBXGroup;
			children = (
				142B56952968BF72003FAAA8 /* View */,
				142B56942968B43E003FAAA8 /* Controller */,
			);
			path = CellDetail;
			sourceTree = "<group>";
		};
		142B56942968B43E003FAAA8 /* Controller */ = {
			isa = PBXGroup;
			children = (
				142B56922968B404003FAAA8 /* MovieDetailViewController.swift */,
			);
			path = Controller;
			sourceTree = "<group>";
		};
		142B56952968BF72003FAAA8 /* View */ = {
			isa = PBXGroup;
			children = (
				142B56962968BF97003FAAA8 /* MovieDetailView.swift */,
			);
			path = View;
			sourceTree = "<group>";
		};
		143121BA2641F62B00F86A9C = {
			isa = PBXGroup;
			children = (
				143121C52641F62C00F86A9C /* movielist */,
				143121DC2641F63000F86A9C /* movielistTests */,
				143121C42641F62C00F86A9C /* Products */,
				35121E69B76E20E4C53E399C /* Pods */,
				03166DCC8133C3B6286589A8 /* Frameworks */,
			);
			sourceTree = "<group>";
		};
		143121C42641F62C00F86A9C /* Products */ = {
			isa = PBXGroup;
			children = (
				143121C32641F62C00F86A9C /* movielist.app */,
				14AE6DD8297056BF004187EC /* movielistTests.xctest */,
			);
			name = Products;
			sourceTree = "<group>";
		};
		143121C52641F62C00F86A9C /* movielist */ = {
			isa = PBXGroup;
			children = (
				142B56912968B3D8003FAAA8 /* CellDetail */,
				14AE62052947CD9600C52902 /* MovieListTableView */,
				1445F67A2965C05A001B136B /* NoInternetConnectionMessage */,
				14C7A7A12963222B0098226D /* Old */,
				14E642B12645741D00FF37C3 /* TMdbAPI */,
				144D7C9D29549FDE00A546A6 /* Utils */,
				143121CF2641F62F00F86A9C /* Assets.xcassets */,
				143121D42641F62F00F86A9C /* Info.plist */,
				143121C62641F62C00F86A9C /* AppDelegate.swift */,
				143121C82641F62C00F86A9C /* SceneDelegate.swift */,
			);
			path = movielist;
			sourceTree = "<group>";
		};
		143121DC2641F63000F86A9C /* movielistTests */ = {
			isa = PBXGroup;
			children = (
				143121DF2641F63000F86A9C /* Info.plist */,
				1445F6742965BA47001B136B /* CheckInternetConnectionTests.swift */,
			);
			path = movielistTests;
			sourceTree = "<group>";
		};
		143121F72641F93400F86A9C /* View */ = {
			isa = PBXGroup;
			children = (
				143121CC2641F62C00F86A9C /* Main.storyboard */,
				143121D12641F62F00F86A9C /* LaunchScreen.storyboard */,
			);
			path = View;
			sourceTree = "<group>";
		};
		143121FA2641FF7700F86A9C /* Model */ = {
			isa = PBXGroup;
			children = (
				1431220026420CD900F86A9C /* APICallResult.swift */,
				14BA8A4026445C07007BD163 /* Genre.swift */,
			);
			path = Model;
			sourceTree = "<group>";
		};
		143121FD264204AD00F86A9C /* Controller */ = {
			isa = PBXGroup;
			children = (
				143121FE264204D900F86A9C /* MovieViewController.swift */,
				1490880F264226DA00D34C28 /* MovieListTableViewController.swift */,
				14DAB392264435E9001AE691 /* MovieTableViewCell.swift */,
			);
			path = Controller;
			sourceTree = "<group>";
		};
		1445F67A2965C05A001B136B /* NoInternetConnectionMessage */ = {
			isa = PBXGroup;
			children = (
				1445F67C2965C081001B136B /* View */,
				1445F67B2965C079001B136B /* Controller */,
			);
			path = NoInternetConnectionMessage;
			sourceTree = "<group>";
		};
		1445F67B2965C079001B136B /* Controller */ = {
			isa = PBXGroup;
			children = (
				1445F6762965BF89001B136B /* NoConnectionMessageViewController.swift */,
			);
			path = Controller;
			sourceTree = "<group>";
		};
		1445F67C2965C081001B136B /* View */ = {
			isa = PBXGroup;
			children = (
				1445F6782965C04C001B136B /* NoInternetConnectionMessageView.swift */,
			);
			path = View;
			sourceTree = "<group>";
		};
		144D7C9D29549FDE00A546A6 /* Utils */ = {
			isa = PBXGroup;
			children = (
				14E642AF264567E100FF37C3 /* DateConfig.swift */,
				14FDCE3B29632E220008336E /* CheckInternetConnection.swift */,
			);
			path = Utils;
			sourceTree = "<group>";
		};
		14AE62052947CD9600C52902 /* MovieListTableView */ = {
			isa = PBXGroup;
			children = (
				14C7A7A0296320CD0098226D /* Model */,
				14AE62062947CDB200C52902 /* View */,
				14AE62072947CDBD00C52902 /* Controller */,
			);
			path = MovieListTableView;
			sourceTree = "<group>";
		};
		14AE62062947CDB200C52902 /* View */ = {
			isa = PBXGroup;
			children = (
				14AE62012947CC7E00C52902 /* MovieListTableViewCell.swift */,
			);
			path = View;
			sourceTree = "<group>";
		};
		14AE62072947CDBD00C52902 /* Controller */ = {
			isa = PBXGroup;
			children = (
				14AE62082947FFB000C52902 /* DefaultTableViewController.swift */,
			);
			path = Controller;
			sourceTree = "<group>";
		};
		14C7A7A0296320CD0098226D /* Model */ = {
			isa = PBXGroup;
			children = (
				143121FB2641FF8D00F86A9C /* Movie.swift */,
			);
			path = Model;
			sourceTree = "<group>";
		};
		14C7A7A12963222B0098226D /* Old */ = {
			isa = PBXGroup;
			children = (
				143121F72641F93400F86A9C /* View */,
				143121FD264204AD00F86A9C /* Controller */,
			);
			path = Old;
			sourceTree = "<group>";
		};
		14E642B12645741D00FF37C3 /* TMdbAPI */ = {
			isa = PBXGroup;
			children = (
				143121FA2641FF7700F86A9C /* Model */,
				14AE6DE4297089F8004187EC /* TmdbEndpoints.swift */,
				143121F82641F9F300F86A9C /* tmdbAPI.swift */,
			);
			path = TMdbAPI;
			sourceTree = "<group>";
		};
		35121E69B76E20E4C53E399C /* Pods */ = {
			isa = PBXGroup;
			children = (
				22FD5354561A627A968A20B6 /* Pods-movielist.debug.xcconfig */,
				17F94F5FE6FB9EF46A019895 /* Pods-movielist.release.xcconfig */,
				B121E25EEDB00C5A03D5217E /* Pods-movielistTests.debug.xcconfig */,
				C8D86B66272DF491C950FB5A /* Pods-movielistTests.release.xcconfig */,
			);
			path = Pods;
			sourceTree = "<group>";
		};
/* End PBXGroup section */

/* Begin PBXNativeTarget section */
		143121C22641F62B00F86A9C /* movielist */ = {
			isa = PBXNativeTarget;
			buildConfigurationList = 143121ED2641F63000F86A9C /* Build configuration list for PBXNativeTarget "movielist" */;
			buildPhases = (
				B15449E6A88747C7D85F3641 /* [CP] Check Pods Manifest.lock */,
				143121BF2641F62B00F86A9C /* Sources */,
				143121C02641F62B00F86A9C /* Frameworks */,
				143121C12641F62B00F86A9C /* Resources */,
			);
			buildRules = (
			);
			dependencies = (
			);
			name = movielist;
			productName = movielist;
			productReference = 143121C32641F62C00F86A9C /* movielist.app */;
			productType = "com.apple.product-type.application";
		};
		14AE6DD7297056BF004187EC /* movielistTests */ = {
			isa = PBXNativeTarget;
			buildConfigurationList = 14AE6DDE297056BF004187EC /* Build configuration list for PBXNativeTarget "movielistTests" */;
			buildPhases = (
				FD926A968D5B3B4FB2CBC096 /* [CP] Check Pods Manifest.lock */,
				14AE6DD4297056BF004187EC /* Sources */,
				14AE6DD5297056BF004187EC /* Frameworks */,
				14AE6DD6297056BF004187EC /* Resources */,
			);
			buildRules = (
			);
			dependencies = (
				14AE6DDD297056BF004187EC /* PBXTargetDependency */,
			);
			name = movielistTests;
			productName = movielistTests;
			productReference = 14AE6DD8297056BF004187EC /* movielistTests.xctest */;
			productType = "com.apple.product-type.bundle.unit-test";
		};
/* End PBXNativeTarget section */

/* Begin PBXProject section */
		143121BB2641F62B00F86A9C /* Project object */ = {
			isa = PBXProject;
			attributes = {
				LastSwiftUpdateCheck = 1310;
				LastUpgradeCheck = 1250;
				TargetAttributes = {
					143121C22641F62B00F86A9C = {
						CreatedOnToolsVersion = 12.5;
					};
					14AE6DD7297056BF004187EC = {
						CreatedOnToolsVersion = 13.1;
						TestTargetID = 143121C22641F62B00F86A9C;
					};
				};
			};
			buildConfigurationList = 143121BE2641F62B00F86A9C /* Build configuration list for PBXProject "movielist" */;
			compatibilityVersion = "Xcode 9.3";
			developmentRegion = en;
			hasScannedForEncodings = 0;
			knownRegions = (
				en,
				Base,
			);
			mainGroup = 143121BA2641F62B00F86A9C;
			productRefGroup = 143121C42641F62C00F86A9C /* Products */;
			projectDirPath = "";
			projectRoot = "";
			targets = (
				143121C22641F62B00F86A9C /* movielist */,
				14AE6DD7297056BF004187EC /* movielistTests */,
			);
		};
/* End PBXProject section */

/* Begin PBXResourcesBuildPhase section */
		143121C12641F62B00F86A9C /* Resources */ = {
			isa = PBXResourcesBuildPhase;
			buildActionMask = 2147483647;
			files = (
				143121D32641F62F00F86A9C /* LaunchScreen.storyboard in Resources */,
				143121D02641F62F00F86A9C /* Assets.xcassets in Resources */,
				143121CE2641F62C00F86A9C /* Main.storyboard in Resources */,
			);
			runOnlyForDeploymentPostprocessing = 0;
		};
		14AE6DD6297056BF004187EC /* Resources */ = {
			isa = PBXResourcesBuildPhase;
			buildActionMask = 2147483647;
			files = (
			);
			runOnlyForDeploymentPostprocessing = 0;
		};
/* End PBXResourcesBuildPhase section */

/* Begin PBXShellScriptBuildPhase section */
		B15449E6A88747C7D85F3641 /* [CP] Check Pods Manifest.lock */ = {
			isa = PBXShellScriptBuildPhase;
			buildActionMask = 2147483647;
			files = (
			);
			inputFileListPaths = (
			);
			inputPaths = (
				"${PODS_PODFILE_DIR_PATH}/Podfile.lock",
				"${PODS_ROOT}/Manifest.lock",
			);
			name = "[CP] Check Pods Manifest.lock";
			outputFileListPaths = (
			);
			outputPaths = (
				"$(DERIVED_FILE_DIR)/Pods-movielist-checkManifestLockResult.txt",
			);
			runOnlyForDeploymentPostprocessing = 0;
			shellPath = /bin/sh;
			shellScript = "diff \"${PODS_PODFILE_DIR_PATH}/Podfile.lock\" \"${PODS_ROOT}/Manifest.lock\" > /dev/null\nif [ $? != 0 ] ; then\n    # print error to STDERR\n    echo \"error: The sandbox is not in sync with the Podfile.lock. Run 'pod install' or update your CocoaPods installation.\" >&2\n    exit 1\nfi\n# This output is used by Xcode 'outputs' to avoid re-running this script phase.\necho \"SUCCESS\" > \"${SCRIPT_OUTPUT_FILE_0}\"\n";
			showEnvVarsInLog = 0;
		};
		FD926A968D5B3B4FB2CBC096 /* [CP] Check Pods Manifest.lock */ = {
			isa = PBXShellScriptBuildPhase;
			buildActionMask = 2147483647;
			files = (
			);
			inputFileListPaths = (
			);
			inputPaths = (
				"${PODS_PODFILE_DIR_PATH}/Podfile.lock",
				"${PODS_ROOT}/Manifest.lock",
			);
			name = "[CP] Check Pods Manifest.lock";
			outputFileListPaths = (
			);
			outputPaths = (
				"$(DERIVED_FILE_DIR)/Pods-movielistTests-checkManifestLockResult.txt",
			);
			runOnlyForDeploymentPostprocessing = 0;
			shellPath = /bin/sh;
			shellScript = "diff \"${PODS_PODFILE_DIR_PATH}/Podfile.lock\" \"${PODS_ROOT}/Manifest.lock\" > /dev/null\nif [ $? != 0 ] ; then\n    # print error to STDERR\n    echo \"error: The sandbox is not in sync with the Podfile.lock. Run 'pod install' or update your CocoaPods installation.\" >&2\n    exit 1\nfi\n# This output is used by Xcode 'outputs' to avoid re-running this script phase.\necho \"SUCCESS\" > \"${SCRIPT_OUTPUT_FILE_0}\"\n";
			showEnvVarsInLog = 0;
		};
/* End PBXShellScriptBuildPhase section */

/* Begin PBXSourcesBuildPhase section */
		143121BF2641F62B00F86A9C /* Sources */ = {
			isa = PBXSourcesBuildPhase;
			buildActionMask = 2147483647;
			files = (
				14BA8A4126445C07007BD163 /* Genre.swift in Sources */,
				1445F6772965BF89001B136B /* NoConnectionMessageViewController.swift in Sources */,
				14908810264226DA00D34C28 /* MovieListTableViewController.swift in Sources */,
				143121F92641F9F300F86A9C /* tmdbAPI.swift in Sources */,
				1431220126420CDA00F86A9C /* APICallResult.swift in Sources */,
				143121C72641F62C00F86A9C /* AppDelegate.swift in Sources */,
				1445F6792965C04C001B136B /* NoInternetConnectionMessageView.swift in Sources */,
				143121FC2641FF8D00F86A9C /* Movie.swift in Sources */,
				143121C92641F62C00F86A9C /* SceneDelegate.swift in Sources */,
				142B56972968BF97003FAAA8 /* MovieDetailView.swift in Sources */,
				14AE6DE5297089F8004187EC /* TmdbEndpoints.swift in Sources */,
				14AE62032947CC7F00C52902 /* MovieListTableViewCell.swift in Sources */,
				14E642B0264567E100FF37C3 /* DateConfig.swift in Sources */,
				142B56932968B404003FAAA8 /* MovieDetailViewController.swift in Sources */,
				14AE62092947FFB000C52902 /* DefaultTableViewController.swift in Sources */,
				14FDCE3C29632E220008336E /* CheckInternetConnection.swift in Sources */,
				14DAB393264435E9001AE691 /* MovieTableViewCell.swift in Sources */,
				143121FF264204D900F86A9C /* MovieViewController.swift in Sources */,
			);
			runOnlyForDeploymentPostprocessing = 0;
		};
		14AE6DD4297056BF004187EC /* Sources */ = {
			isa = PBXSourcesBuildPhase;
			buildActionMask = 2147483647;
			files = (
				14AE6DE3297058BB004187EC /* CheckInternetConnectionTests.swift in Sources */,
			);
			runOnlyForDeploymentPostprocessing = 0;
		};
/* End PBXSourcesBuildPhase section */

/* Begin PBXTargetDependency section */
		14AE6DDD297056BF004187EC /* PBXTargetDependency */ = {
			isa = PBXTargetDependency;
			target = 143121C22641F62B00F86A9C /* movielist */;
			targetProxy = 14AE6DDC297056BF004187EC /* PBXContainerItemProxy */;
		};
/* End PBXTargetDependency section */

/* Begin PBXVariantGroup section */
		143121CC2641F62C00F86A9C /* Main.storyboard */ = {
			isa = PBXVariantGroup;
			children = (
				143121CD2641F62C00F86A9C /* Base */,
			);
			name = Main.storyboard;
			sourceTree = "<group>";
		};
		143121D12641F62F00F86A9C /* LaunchScreen.storyboard */ = {
			isa = PBXVariantGroup;
			children = (
				143121D22641F62F00F86A9C /* Base */,
			);
			name = LaunchScreen.storyboard;
			sourceTree = "<group>";
		};
/* End PBXVariantGroup section */

/* Begin XCBuildConfiguration section */
		143121EB2641F63000F86A9C /* Debug */ = {
			isa = XCBuildConfiguration;
			buildSettings = {
				ALWAYS_SEARCH_USER_PATHS = NO;
				CLANG_ANALYZER_NONNULL = YES;
				CLANG_ANALYZER_NUMBER_OBJECT_CONVERSION = YES_AGGRESSIVE;
				CLANG_CXX_LANGUAGE_STANDARD = "gnu++14";
				CLANG_CXX_LIBRARY = "libc++";
				CLANG_ENABLE_MODULES = YES;
				CLANG_ENABLE_OBJC_ARC = YES;
				CLANG_ENABLE_OBJC_WEAK = YES;
				CLANG_WARN_BLOCK_CAPTURE_AUTORELEASING = YES;
				CLANG_WARN_BOOL_CONVERSION = YES;
				CLANG_WARN_COMMA = YES;
				CLANG_WARN_CONSTANT_CONVERSION = YES;
				CLANG_WARN_DEPRECATED_OBJC_IMPLEMENTATIONS = YES;
				CLANG_WARN_DIRECT_OBJC_ISA_USAGE = YES_ERROR;
				CLANG_WARN_DOCUMENTATION_COMMENTS = YES;
				CLANG_WARN_EMPTY_BODY = YES;
				CLANG_WARN_ENUM_CONVERSION = YES;
				CLANG_WARN_INFINITE_RECURSION = YES;
				CLANG_WARN_INT_CONVERSION = YES;
				CLANG_WARN_NON_LITERAL_NULL_CONVERSION = YES;
				CLANG_WARN_OBJC_IMPLICIT_RETAIN_SELF = YES;
				CLANG_WARN_OBJC_LITERAL_CONVERSION = YES;
				CLANG_WARN_OBJC_ROOT_CLASS = YES_ERROR;
				CLANG_WARN_QUOTED_INCLUDE_IN_FRAMEWORK_HEADER = YES;
				CLANG_WARN_RANGE_LOOP_ANALYSIS = YES;
				CLANG_WARN_STRICT_PROTOTYPES = YES;
				CLANG_WARN_SUSPICIOUS_MOVE = YES;
				CLANG_WARN_UNGUARDED_AVAILABILITY = YES_AGGRESSIVE;
				CLANG_WARN_UNREACHABLE_CODE = YES;
				CLANG_WARN__DUPLICATE_METHOD_MATCH = YES;
				COPY_PHASE_STRIP = NO;
				DEBUG_INFORMATION_FORMAT = dwarf;
				ENABLE_STRICT_OBJC_MSGSEND = YES;
				ENABLE_TESTABILITY = YES;
				GCC_C_LANGUAGE_STANDARD = gnu11;
				GCC_DYNAMIC_NO_PIC = NO;
				GCC_NO_COMMON_BLOCKS = YES;
				GCC_OPTIMIZATION_LEVEL = 0;
				GCC_PREPROCESSOR_DEFINITIONS = (
					"DEBUG=1",
					"$(inherited)",
				);
				GCC_WARN_64_TO_32_BIT_CONVERSION = YES;
				GCC_WARN_ABOUT_RETURN_TYPE = YES_ERROR;
				GCC_WARN_UNDECLARED_SELECTOR = YES;
				GCC_WARN_UNINITIALIZED_AUTOS = YES_AGGRESSIVE;
				GCC_WARN_UNUSED_FUNCTION = YES;
				GCC_WARN_UNUSED_VARIABLE = YES;
				IPHONEOS_DEPLOYMENT_TARGET = 14.5;
				MTL_ENABLE_DEBUG_INFO = INCLUDE_SOURCE;
				MTL_FAST_MATH = YES;
				ONLY_ACTIVE_ARCH = YES;
				SDKROOT = iphoneos;
				SWIFT_ACTIVE_COMPILATION_CONDITIONS = DEBUG;
				SWIFT_OPTIMIZATION_LEVEL = "-Onone";
			};
			name = Debug;
		};
		143121EC2641F63000F86A9C /* Release */ = {
			isa = XCBuildConfiguration;
			buildSettings = {
				ALWAYS_SEARCH_USER_PATHS = NO;
				CLANG_ANALYZER_NONNULL = YES;
				CLANG_ANALYZER_NUMBER_OBJECT_CONVERSION = YES_AGGRESSIVE;
				CLANG_CXX_LANGUAGE_STANDARD = "gnu++14";
				CLANG_CXX_LIBRARY = "libc++";
				CLANG_ENABLE_MODULES = YES;
				CLANG_ENABLE_OBJC_ARC = YES;
				CLANG_ENABLE_OBJC_WEAK = YES;
				CLANG_WARN_BLOCK_CAPTURE_AUTORELEASING = YES;
				CLANG_WARN_BOOL_CONVERSION = YES;
				CLANG_WARN_COMMA = YES;
				CLANG_WARN_CONSTANT_CONVERSION = YES;
				CLANG_WARN_DEPRECATED_OBJC_IMPLEMENTATIONS = YES;
				CLANG_WARN_DIRECT_OBJC_ISA_USAGE = YES_ERROR;
				CLANG_WARN_DOCUMENTATION_COMMENTS = YES;
				CLANG_WARN_EMPTY_BODY = YES;
				CLANG_WARN_ENUM_CONVERSION = YES;
				CLANG_WARN_INFINITE_RECURSION = YES;
				CLANG_WARN_INT_CONVERSION = YES;
				CLANG_WARN_NON_LITERAL_NULL_CONVERSION = YES;
				CLANG_WARN_OBJC_IMPLICIT_RETAIN_SELF = YES;
				CLANG_WARN_OBJC_LITERAL_CONVERSION = YES;
				CLANG_WARN_OBJC_ROOT_CLASS = YES_ERROR;
				CLANG_WARN_QUOTED_INCLUDE_IN_FRAMEWORK_HEADER = YES;
				CLANG_WARN_RANGE_LOOP_ANALYSIS = YES;
				CLANG_WARN_STRICT_PROTOTYPES = YES;
				CLANG_WARN_SUSPICIOUS_MOVE = YES;
				CLANG_WARN_UNGUARDED_AVAILABILITY = YES_AGGRESSIVE;
				CLANG_WARN_UNREACHABLE_CODE = YES;
				CLANG_WARN__DUPLICATE_METHOD_MATCH = YES;
				COPY_PHASE_STRIP = NO;
				DEBUG_INFORMATION_FORMAT = "dwarf-with-dsym";
				ENABLE_NS_ASSERTIONS = NO;
				ENABLE_STRICT_OBJC_MSGSEND = YES;
				GCC_C_LANGUAGE_STANDARD = gnu11;
				GCC_NO_COMMON_BLOCKS = YES;
				GCC_WARN_64_TO_32_BIT_CONVERSION = YES;
				GCC_WARN_ABOUT_RETURN_TYPE = YES_ERROR;
				GCC_WARN_UNDECLARED_SELECTOR = YES;
				GCC_WARN_UNINITIALIZED_AUTOS = YES_AGGRESSIVE;
				GCC_WARN_UNUSED_FUNCTION = YES;
				GCC_WARN_UNUSED_VARIABLE = YES;
				IPHONEOS_DEPLOYMENT_TARGET = 14.5;
				MTL_ENABLE_DEBUG_INFO = NO;
				MTL_FAST_MATH = YES;
				SDKROOT = iphoneos;
				SWIFT_COMPILATION_MODE = wholemodule;
				SWIFT_OPTIMIZATION_LEVEL = "-O";
				VALIDATE_PRODUCT = YES;
			};
			name = Release;
		};
		143121EE2641F63000F86A9C /* Debug */ = {
			isa = XCBuildConfiguration;
			baseConfigurationReference = 22FD5354561A627A968A20B6 /* Pods-movielist.debug.xcconfig */;
			buildSettings = {
				ASSETCATALOG_COMPILER_APPICON_NAME = AppIcon;
				ASSETCATALOG_COMPILER_GLOBAL_ACCENT_COLOR_NAME = AccentColor;
				CODE_SIGN_IDENTITY = "Apple Development";
				CODE_SIGN_STYLE = Automatic;
				DEVELOPMENT_TEAM = JBR7HLAVUQ;
				ENABLE_TESTING_SEARCH_PATHS = YES;
				INFOPLIST_FILE = movielist/Info.plist;
				IPHONEOS_DEPLOYMENT_TARGET = 14.5;
				LD_RUNPATH_SEARCH_PATHS = (
					"$(inherited)",
					"@executable_path/Frameworks",
				);
				PRODUCT_BUNDLE_IDENTIFIER = com.igorps.movielist;
				PRODUCT_NAME = "$(TARGET_NAME)";
				PROVISIONING_PROFILE_SPECIFIER = "";
				SWIFT_VERSION = 5.0;
				TARGETED_DEVICE_FAMILY = 1;
			};
			name = Debug;
		};
		143121EF2641F63000F86A9C /* Release */ = {
			isa = XCBuildConfiguration;
			baseConfigurationReference = 17F94F5FE6FB9EF46A019895 /* Pods-movielist.release.xcconfig */;
			buildSettings = {
				ASSETCATALOG_COMPILER_APPICON_NAME = AppIcon;
				ASSETCATALOG_COMPILER_GLOBAL_ACCENT_COLOR_NAME = AccentColor;
				CODE_SIGN_IDENTITY = "Apple Development";
				CODE_SIGN_STYLE = Automatic;
				DEVELOPMENT_TEAM = JBR7HLAVUQ;
				ENABLE_TESTABILITY = YES;
				ENABLE_TESTING_SEARCH_PATHS = YES;
				INFOPLIST_FILE = movielist/Info.plist;
				IPHONEOS_DEPLOYMENT_TARGET = 14.5;
				LD_RUNPATH_SEARCH_PATHS = (
					"$(inherited)",
					"@executable_path/Frameworks",
				);
				PRODUCT_BUNDLE_IDENTIFIER = com.igorps.movielist;
				PRODUCT_NAME = "$(TARGET_NAME)";
				PROVISIONING_PROFILE_SPECIFIER = "";
				SWIFT_VERSION = 5.0;
				TARGETED_DEVICE_FAMILY = 1;
			};
			name = Release;
		};
		14AE6DDF297056BF004187EC /* Debug */ = {
			isa = XCBuildConfiguration;
			baseConfigurationReference = B121E25EEDB00C5A03D5217E /* Pods-movielistTests.debug.xcconfig */;
			buildSettings = {
				BUNDLE_LOADER = "$(TEST_HOST)";
				CLANG_CXX_LANGUAGE_STANDARD = "gnu++17";
				CODE_SIGN_STYLE = Automatic;
				CURRENT_PROJECT_VERSION = 1;
				DEVELOPMENT_TEAM = JBR7HLAVUQ;
				GENERATE_INFOPLIST_FILE = YES;
				IPHONEOS_DEPLOYMENT_TARGET = 15.0;
				LD_RUNPATH_SEARCH_PATHS = (
					"$(inherited)",
					"@executable_path/Frameworks",
					"@loader_path/Frameworks",
				);
				MARKETING_VERSION = 1.0;
				PRODUCT_BUNDLE_IDENTIFIER = com.igorps.movielistTests;
				PRODUCT_NAME = "$(TARGET_NAME)";
				SWIFT_EMIT_LOC_STRINGS = NO;
				SWIFT_VERSION = 5.0;
				TARGETED_DEVICE_FAMILY = "1,2";
				TEST_HOST = "$(BUILT_PRODUCTS_DIR)/movielist.app/movielist";
			};
			name = Debug;
		};
		14AE6DE0297056BF004187EC /* Release */ = {
			isa = XCBuildConfiguration;
			baseConfigurationReference = C8D86B66272DF491C950FB5A /* Pods-movielistTests.release.xcconfig */;
			buildSettings = {
				BUNDLE_LOADER = "$(TEST_HOST)";
				CLANG_CXX_LANGUAGE_STANDARD = "gnu++17";
				CODE_SIGN_STYLE = Automatic;
				CURRENT_PROJECT_VERSION = 1;
				DEVELOPMENT_TEAM = JBR7HLAVUQ;
				GENERATE_INFOPLIST_FILE = YES;
				IPHONEOS_DEPLOYMENT_TARGET = 15.0;
				LD_RUNPATH_SEARCH_PATHS = (
					"$(inherited)",
					"@executable_path/Frameworks",
					"@loader_path/Frameworks",
				);
				MARKETING_VERSION = 1.0;
				PRODUCT_BUNDLE_IDENTIFIER = com.igorps.movielistTests;
				PRODUCT_NAME = "$(TARGET_NAME)";
				SWIFT_EMIT_LOC_STRINGS = NO;
				SWIFT_VERSION = 5.0;
				TARGETED_DEVICE_FAMILY = "1,2";
				TEST_HOST = "$(BUILT_PRODUCTS_DIR)/movielist.app/movielist";
			};
			name = Release;
		};
/* End XCBuildConfiguration section */

/* Begin XCConfigurationList section */
		143121BE2641F62B00F86A9C /* Build configuration list for PBXProject "movielist" */ = {
			isa = XCConfigurationList;
			buildConfigurations = (
				143121EB2641F63000F86A9C /* Debug */,
				143121EC2641F63000F86A9C /* Release */,
			);
			defaultConfigurationIsVisible = 0;
			defaultConfigurationName = Release;
		};
		143121ED2641F63000F86A9C /* Build configuration list for PBXNativeTarget "movielist" */ = {
			isa = XCConfigurationList;
			buildConfigurations = (
				143121EE2641F63000F86A9C /* Debug */,
				143121EF2641F63000F86A9C /* Release */,
			);
			defaultConfigurationIsVisible = 0;
			defaultConfigurationName = Release;
		};
		14AE6DDE297056BF004187EC /* Build configuration list for PBXNativeTarget "movielistTests" */ = {
			isa = XCConfigurationList;
			buildConfigurations = (
				14AE6DDF297056BF004187EC /* Debug */,
				14AE6DE0297056BF004187EC /* Release */,
			);
			defaultConfigurationIsVisible = 0;
			defaultConfigurationName = Release;
		};
/* End XCConfigurationList section */
	};
	rootObject = 143121BB2641F62B00F86A9C /* Project object */;
}
